
Microsoft Visual Studio Solution File, Format Version 12.00
# Visual Studio Version 16
VisualStudioVersion = 16.0.30611.23
MinimumVisualStudioVersion = 10.0.40219.1
Project("{FAE04EC0-301F-11D3-BF4B-00C04F79EFBC}") = "CodingDojo2", "CodingDojo2\CodingDojo2.csproj", "{F65BE6E0-2D3E-4BB7-9908-9629C2AC8F47}"
EndProject
Global
	GlobalSection(SolutionConfigurationPlatforms) = preSolution
		Debug|Any CPU = Debug|Any CPU
		Release|Any CPU = Release|Any CPU
	EndGlobalSection
	GlobalSection(ProjectConfigurationPlatforms) = postSolution
		{F65BE6E0-2D3E-4BB7-9908-9629C2AC8F47}.Debug|Any CPU.ActiveCfg = Debug|Any CPU
		{F65BE6E0-2D3E-4BB7-9908-9629C2AC8F47}.Debug|Any CPU.Build.0 = Debug|Any CPU
		{F65BE6E0-2D3E-4BB7-9908-9629C2AC8F47}.Release|Any CPU.ActiveCfg = Release|Any CPU
		{F65BE6E0-2D3E-4BB7-9908-9629C2AC8F47}.Release|Any CPU.Build.0 = Release|Any CPU
	EndGlobalSection
	GlobalSection(SolutionProperties) = preSolution
		HideSolutionNode = FALSE
	EndGlobalSection
	GlobalSection(ExtensibilityGlobals) = postSolution
		SolutionGuid = {1E2CE2B9-9A56-4E7D-BAF9-9609956B002F}
	EndGlobalSection
EndGlobal
